
Microsoft Visual Studio Solution File, Format Version 12.00
# Visual Studio 14
VisualStudioVersion = 14.0.25420.1
MinimumVisualStudioVersion = 10.0.40219.1
Project("{2150E333-8FDC-42A3-9474-1A3956D46DE8}") = "Core", "Core", "{C185466D-858D-4AC7-ACA2-B983FE0CC620}"
EndProject
Project("{2150E333-8FDC-42A3-9474-1A3956D46DE8}") = "Modules", "Modules", "{EBB60272-131D-4070-8682-B56F9E7BF191}"
EndProject
Project("{2150E333-8FDC-42A3-9474-1A3956D46DE8}") = "Libs", "Libs", "{42458783-25D0-4A1A-92B7-88DAC85A085A}"
EndProject
Project("{FAE04EC0-301F-11D3-BF4B-00C04F79EFBC}") = "Animator", "Libs\Animator\Animator.csproj", "{2D0EE5EA-17A7-4113-A264-18A0C071A711}"
EndProject
Project("{FAE04EC0-301F-11D3-BF4B-00C04F79EFBC}") = "SmartClient.Core", "Core\SmartClient.Core\SmartClient.Core.csproj", "{08630132-1E23-4D2F-A0A4-5F0238E55038}"
EndProject
Project("{FAE04EC0-301F-11D3-BF4B-00C04F79EFBC}") = "Common", "Core\Common\Common.csproj", "{D887EA99-C610-4764-9182-964D30666EAC}"
EndProject
Project("{FAE04EC0-301F-11D3-BF4B-00C04F79EFBC}") = "SmartClient", "SmartClient\SmartClient.csproj", "{893AF426-1E2C-4B00-B820-48F009F33DE8}"
EndProject
Global
	GlobalSection(SolutionConfigurationPlatforms) = preSolution
		Debug|Any CPU = Debug|Any CPU
		Debug|x64 = Debug|x64
		Debug|x86 = Debug|x86
		Release|Any CPU = Release|Any CPU
		Release|x64 = Release|x64
		Release|x86 = Release|x86
		Remote|Any CPU = Remote|Any CPU
		Remote|x64 = Remote|x64
		Remote|x86 = Remote|x86
	EndGlobalSection
	GlobalSection(ProjectConfigurationPlatforms) = postSolution
		{2D0EE5EA-17A7-4113-A264-18A0C071A711}.Debug|Any CPU.ActiveCfg = Debug|Any CPU
		{2D0EE5EA-17A7-4113-A264-18A0C071A711}.Debug|Any CPU.Build.0 = Debug|Any CPU
		{2D0EE5EA-17A7-4113-A264-18A0C071A711}.Debug|x64.ActiveCfg = Debug|Any CPU
		{2D0EE5EA-17A7-4113-A264-18A0C071A711}.Debug|x64.Build.0 = Debug|Any CPU
		{2D0EE5EA-17A7-4113-A264-18A0C071A711}.Debug|x86.ActiveCfg = Debug|Any CPU
		{2D0EE5EA-17A7-4113-A264-18A0C071A711}.Debug|x86.Build.0 = Debug|Any CPU
		{2D0EE5EA-17A7-4113-A264-18A0C071A711}.Release|Any CPU.ActiveCfg = Release|Any CPU
		{2D0EE5EA-17A7-4113-A264-18A0C071A711}.Release|Any CPU.Build.0 = Release|Any CPU
		{2D0EE5EA-17A7-4113-A264-18A0C071A711}.Release|x64.ActiveCfg = Release|Any CPU
		{2D0EE5EA-17A7-4113-A264-18A0C071A711}.Release|x64.Build.0 = Release|Any CPU
		{2D0EE5EA-17A7-4113-A264-18A0C071A711}.Release|x86.ActiveCfg = Release|Any CPU
		{2D0EE5EA-17A7-4113-A264-18A0C071A711}.Release|x86.Build.0 = Release|Any CPU
		{2D0EE5EA-17A7-4113-A264-18A0C071A711}.Remote|Any CPU.ActiveCfg = Remote|Any CPU
		{2D0EE5EA-17A7-4113-A264-18A0C071A711}.Remote|Any CPU.Build.0 = Remote|Any CPU
		{2D0EE5EA-17A7-4113-A264-18A0C071A711}.Remote|x64.ActiveCfg = Remote|Any CPU
		{2D0EE5EA-17A7-4113-A264-18A0C071A711}.Remote|x64.Build.0 = Remote|Any CPU
		{2D0EE5EA-17A7-4113-A264-18A0C071A711}.Remote|x86.ActiveCfg = Remote|Any CPU
		{2D0EE5EA-17A7-4113-A264-18A0C071A711}.Remote|x86.Build.0 = Remote|Any CPU
		{08630132-1E23-4D2F-A0A4-5F0238E55038}.Debug|Any CPU.ActiveCfg = Debug|Any CPU
		{08630132-1E23-4D2F-A0A4-5F0238E55038}.Debug|Any CPU.Build.0 = Debug|Any CPU
		{08630132-1E23-4D2F-A0A4-5F0238E55038}.Debug|x64.ActiveCfg = Debug|Any CPU
		{08630132-1E23-4D2F-A0A4-5F0238E55038}.Debug|x64.Build.0 = Debug|Any CPU
		{08630132-1E23-4D2F-A0A4-5F0238E55038}.Debug|x86.ActiveCfg = Debug|Any CPU
		{08630132-1E23-4D2F-A0A4-5F0238E55038}.Debug|x86.Build.0 = Debug|Any CPU
		{08630132-1E23-4D2F-A0A4-5F0238E55038}.Release|Any CPU.ActiveCfg = Release|Any CPU
		{08630132-1E23-4D2F-A0A4-5F0238E55038}.Release|Any CPU.Build.0 = Release|Any CPU
		{08630132-1E23-4D2F-A0A4-5F0238E55038}.Release|x64.ActiveCfg = Release|Any CPU
		{08630132-1E23-4D2F-A0A4-5F0238E55038}.Release|x64.Build.0 = Release|Any CPU
		{08630132-1E23-4D2F-A0A4-5F0238E55038}.Release|x86.ActiveCfg = Release|Any CPU
		{08630132-1E23-4D2F-A0A4-5F0238E55038}.Release|x86.Build.0 = Release|Any CPU
		{08630132-1E23-4D2F-A0A4-5F0238E55038}.Remote|Any CPU.ActiveCfg = Release|Any CPU
		{08630132-1E23-4D2F-A0A4-5F0238E55038}.Remote|Any CPU.Build.0 = Release|Any CPU
		{08630132-1E23-4D2F-A0A4-5F0238E55038}.Remote|x64.ActiveCfg = Release|Any CPU
		{08630132-1E23-4D2F-A0A4-5F0238E55038}.Remote|x64.Build.0 = Release|Any CPU
		{08630132-1E23-4D2F-A0A4-5F0238E55038}.Remote|x86.ActiveCfg = Release|Any CPU
		{08630132-1E23-4D2F-A0A4-5F0238E55038}.Remote|x86.Build.0 = Release|Any CPU
		{D887EA99-C610-4764-9182-964D30666EAC}.Debug|Any CPU.ActiveCfg = Debug|Any CPU
		{D887EA99-C610-4764-9182-964D30666EAC}.Debug|Any CPU.Build.0 = Debug|Any CPU
		{D887EA99-C610-4764-9182-964D30666EAC}.Debug|x64.ActiveCfg = Debug|Any CPU
		{D887EA99-C610-4764-9182-964D30666EAC}.Debug|x64.Build.0 = Debug|Any CPU
		{D887EA99-C610-4764-9182-964D30666EAC}.Debug|x86.ActiveCfg = Debug|Any CPU
		{D887EA99-C610-4764-9182-964D30666EAC}.Debug|x86.Build.0 = Debug|Any CPU
		{D887EA99-C610-4764-9182-964D30666EAC}.Release|Any CPU.ActiveCfg = Release|Any CPU
		{D887EA99-C610-4764-9182-964D30666EAC}.Release|Any CPU.Build.0 = Release|Any CPU
		{D887EA99-C610-4764-9182-964D30666EAC}.Release|x64.ActiveCfg = Release|Any CPU
		{D887EA99-C610-4764-9182-964D30666EAC}.Release|x64.Build.0 = Release|Any CPU
		{D887EA99-C610-4764-9182-964D30666EAC}.Release|x86.ActiveCfg = Release|Any CPU
		{D887EA99-C610-4764-9182-964D30666EAC}.Release|x86.Build.0 = Release|Any CPU
		{D887EA99-C610-4764-9182-964D30666EAC}.Remote|Any CPU.ActiveCfg = Release|Any CPU
		{D887EA99-C610-4764-9182-964D30666EAC}.Remote|Any CPU.Build.0 = Release|Any CPU
		{D887EA99-C610-4764-9182-964D30666EAC}.Remote|x64.ActiveCfg = Release|Any CPU
		{D887EA99-C610-4764-9182-964D30666EAC}.Remote|x64.Build.0 = Release|Any CPU
		{D887EA99-C610-4764-9182-964D30666EAC}.Remote|x86.ActiveCfg = Release|Any CPU
		{D887EA99-C610-4764-9182-964D30666EAC}.Remote|x86.Build.0 = Release|Any CPU
		{893AF426-1E2C-4B00-B820-48F009F33DE8}.Debug|Any CPU.ActiveCfg = Debug|Any CPU
		{893AF426-1E2C-4B00-B820-48F009F33DE8}.Debug|Any CPU.Build.0 = Debug|Any CPU
		{893AF426-1E2C-4B00-B820-48F009F33DE8}.Debug|x64.ActiveCfg = Debug|Any CPU
		{893AF426-1E2C-4B00-B820-48F009F33DE8}.Debug|x64.Build.0 = Debug|Any CPU
		{893AF426-1E2C-4B00-B820-48F009F33DE8}.Debug|x86.ActiveCfg = Debug|Any CPU
		{893AF426-1E2C-4B00-B820-48F009F33DE8}.Debug|x86.Build.0 = Debug|Any CPU
		{893AF426-1E2C-4B00-B820-48F009F33DE8}.Release|Any CPU.ActiveCfg = Release|Any CPU
		{893AF426-1E2C-4B00-B820-48F009F33DE8}.Release|Any CPU.Build.0 = Release|Any CPU
		{893AF426-1E2C-4B00-B820-48F009F33DE8}.Release|x64.ActiveCfg = Release|Any CPU
		{893AF426-1E2C-4B00-B820-48F009F33DE8}.Release|x64.Build.0 = Release|Any CPU
		{893AF426-1E2C-4B00-B820-48F009F33DE8}.Release|x86.ActiveCfg = Release|Any CPU
		{893AF426-1E2C-4B00-B820-48F009F33DE8}.Release|x86.Build.0 = Release|Any CPU
		{893AF426-1E2C-4B00-B820-48F009F33DE8}.Remote|Any CPU.ActiveCfg = Release|Any CPU
		{893AF426-1E2C-4B00-B820-48F009F33DE8}.Remote|Any CPU.Build.0 = Release|Any CPU
		{893AF426-1E2C-4B00-B820-48F009F33DE8}.Remote|x64.ActiveCfg = Release|Any CPU
		{893AF426-1E2C-4B00-B820-48F009F33DE8}.Remote|x64.Build.0 = Release|Any CPU
		{893AF426-1E2C-4B00-B820-48F009F33DE8}.Remote|x86.ActiveCfg = Release|Any CPU
		{893AF426-1E2C-4B00-B820-48F009F33DE8}.Remote|x86.Build.0 = Release|Any CPU
	EndGlobalSection
	GlobalSection(SolutionProperties) = preSolution
		HideSolutionNode = FALSE
	EndGlobalSection
	GlobalSection(NestedProjects) = preSolution
		{2D0EE5EA-17A7-4113-A264-18A0C071A711} = {42458783-25D0-4A1A-92B7-88DAC85A085A}
		{08630132-1E23-4D2F-A0A4-5F0238E55038} = {C185466D-858D-4AC7-ACA2-B983FE0CC620}
		{D887EA99-C610-4764-9182-964D30666EAC} = {C185466D-858D-4AC7-ACA2-B983FE0CC620}
	EndGlobalSection
EndGlobal
